schema: '2.0'
stages:
  download_data:
    cmd: python src/download.py
    deps:
    - path: params/params.yaml
      hash: md5
      md5: 46f2d82d185061db08fe83cf5f4b9abd
      size: 21
    - path: src/download.py
      hash: md5
      md5: 04cd3309f9935c7bd269ed361cb9d466
      size: 1516
    outs:
    - path: data
      hash: md5
      md5: c5a3c3d48b4c244bca1b4b7b2dd5f6c3.dir
      size: 353699597
      nfiles: 10
  prepare_data:
    cmd: python src/prepare.py
    deps:
    - path: data
      hash: md5
      md5: c5a3c3d48b4c244bca1b4b7b2dd5f6c3.dir
      size: 353699597
      nfiles: 10
    - path: src/prepare.py
      hash: md5
      md5: 3f76ab7e125cc6b715d5b866a080aef4
      size: 985
    outs:
    - path: outputs
      hash: md5
      md5: 0376dbd5deb3c279f12c1688124575a2.dir
      size: 26375624
      nfiles: 10
  process_data:
    cmd: python src/process.py
    deps:
    - path: data
      hash: md5
      md5: c5a3c3d48b4c244bca1b4b7b2dd5f6c3.dir
      size: 353699597
      nfiles: 10
    - path: src/process.py
      hash: md5
      md5: cf28ca5b16cc5f6af04bd4f61f9160de
      size: 1847
    outs:
    - path: outputs_process
      hash: md5
      md5: 581713227010da46d5a37935e70cac33.dir
      size: 12701
      nfiles: 10
  evaluate_data:
    cmd: python src/evaluate.py
    deps:
    - path: outputs
      hash: md5
      md5: 0376dbd5deb3c279f12c1688124575a2.dir
      size: 26375624
      nfiles: 10
    - path: outputs_process
      hash: md5
      md5: 581713227010da46d5a37935e70cac33.dir
      size: 12701
      nfiles: 10
    - path: src/evaluate.py
      hash: md5
      md5: 5c43a9c70b8b5bd7ba72cc6515a5646b
      size: 3469
    outs:
    - path: results/evaluation_results.txt
      hash: md5
      md5: cbe64ebb5d2d8360aa9e6f36aff7289e
      size: 98
