schema: '2.0'
stages:
  download_data:
    cmd: python src/download.py
    deps:
    - path: params/params.yaml
      hash: md5
      md5: 6ebe245b2e06be91e003f0836f9fcbf6
      size: 20
    - path: src/download.py
      hash: md5
      md5: 04cd3309f9935c7bd269ed361cb9d466
      size: 1516
    outs:
    - path: data
      hash: md5
      md5: cb82c5325b448e534432e4a1452e2427.dir
      size: 166556670
      nfiles: 5
  prepare_data:
    cmd: python src/prepare.py
    deps:
    - path: data
      hash: md5
      md5: cb82c5325b448e534432e4a1452e2427.dir
      size: 166556670
      nfiles: 5
    - path: src/prepare.py
      hash: md5
      md5: 3f76ab7e125cc6b715d5b866a080aef4
      size: 985
    outs:
    - path: outputs
      hash: md5
      md5: 32a966feb628020373bf81e112b1d041.dir
      size: 12186188
      nfiles: 5
  process_data:
    cmd: python src/process.py
    deps:
    - path: data
      hash: md5
      md5: cb82c5325b448e534432e4a1452e2427.dir
      size: 166556670
      nfiles: 5
    - path: src/process.py
      hash: md5
      md5: cf28ca5b16cc5f6af04bd4f61f9160de
      size: 1847
    outs:
    - path: outputs_process
      hash: md5
      md5: b2321004e35e1d77db858dd3d39fe0f3.dir
      size: 5998
      nfiles: 5
  evaluate_data:
    cmd: python src/evaluate.py
    deps:
    - path: outputs
      hash: md5
      md5: 32a966feb628020373bf81e112b1d041.dir
      size: 12186188
      nfiles: 5
    - path: outputs_process
      hash: md5
      md5: b2321004e35e1d77db858dd3d39fe0f3.dir
      size: 5998
      nfiles: 5
    - path: src/evaluate.py
      hash: md5
      md5: 5c43a9c70b8b5bd7ba72cc6515a5646b
      size: 3469
    outs:
    - path: results/evaluation_results.txt
      hash: md5
      md5: 4d16b762f95e23d9bcf41cbfca71a703
      size: 42
